{
  "name": "baby-bank-archive-pressure-root",
  "version": "1.0.0",
  "lockfileVersion": 3,
  "requires": true,
  "packages": {
    "": {
      "name": "baby-bank-archive-pressure-root",
      "version": "1.0.0",
      "dependencies": {
        "@octane-fixtures/archive-heavy-package": "file:./vendor/archive-heavy-package"
      }
    },
    "node_modules/@octane-fixtures/archive-heavy-package": {
      "resolved": "vendor/archive-heavy-package",
      "link": true
    },
    "vendor/archive-heavy-package": {
      "name": "@octane-fixtures/archive-heavy-package",
      "version": "1.0.0"
    }
  }
}
